
Microsoft Visual Studio Solution File, Format Version 12.00
# Visual Studio Version 16
VisualStudioVersion = 16.0.30907.101
MinimumVisualStudioVersion = 10.0.40219.1
Project("{FAE04EC0-301F-11D3-BF4B-00C04F79EFBC}") = "ConsoleApp1", "ConsoleApp1\ConsoleApp1.csproj", "{115732FF-5394-45CF-A394-D7718A1B72F5}"
EndProject
Global
	GlobalSection(SolutionConfigurationPlatforms) = preSolution
		Debug|Any CPU = Debug|Any CPU
		Release|Any CPU = Release|Any CPU
	EndGlobalSection
	GlobalSection(ProjectConfigurationPlatforms) = postSolution
		{115732FF-5394-45CF-A394-D7718A1B72F5}.Debug|Any CPU.ActiveCfg = Debug|Any CPU
		{115732FF-5394-45CF-A394-D7718A1B72F5}.Debug|Any CPU.Build.0 = Debug|Any CPU
		{115732FF-5394-45CF-A394-D7718A1B72F5}.Release|Any CPU.ActiveCfg = Release|Any CPU
		{115732FF-5394-45CF-A394-D7718A1B72F5}.Release|Any CPU.Build.0 = Release|Any CPU
	EndGlobalSection
	GlobalSection(SolutionProperties) = preSolution
		HideSolutionNode = FALSE
	EndGlobalSection
	GlobalSection(ExtensibilityGlobals) = postSolution
		SolutionGuid = {C55D37A6-54B4-4595-BEE0-FF43C2DBA9E6}
	EndGlobalSection
EndGlobal
